" Generated by vim-plug
" Mon 16 Dec 2019 07:45:13 AM PST
" :source this file in vim to restore the snapshot
" or execute: vim -S snapshot.vim

silent! let g:plugs['ale'].commit = '5f84325c'
silent! let g:plugs['completor.vim'].commit = '9eb7297'
silent! let g:plugs['ctrlp.vim'].commit = '44c8e24'
silent! let g:plugs['incsearch.vim'].commit = '25e2547'
silent! let g:plugs['material.vim'].commit = '5e04700'
silent! let g:plugs['nerdcommenter'].commit = '023cc20'
silent! let g:plugs['nerdtree'].commit = '1ab85e3'
silent! let g:plugs['undotree'].commit = 'be23eac'
silent! let g:plugs['vim-airline'].commit = '929cf2e'
silent! let g:plugs['vim-auto-save'].commit = '1685175'
silent! let g:plugs['vim-crystal'].commit = 'a91cc00'
silent! let g:plugs['vim-delve'].commit = '67f1760'
silent! let g:plugs['vim-fugitive'].commit = 'b68b6d4'
silent! let g:plugs['vim-github-url'].commit = '22639f3'
silent! let g:plugs['vim-go'].commit = '0e33a23'
silent! let g:plugs['vim-multiple-cursors'].commit = '6ab4dc7'
silent! let g:plugs['vim-signify'].commit = '56db16f'
silent! let g:plugs['vim-sneak'].commit = '24e6c3f'
silent! let g:plugs['vim-test'].commit = 'e9e824c'
silent! let g:plugs['vimux'].commit = '37f4119'
silent! let g:plugs['zig.vim'].commit = '65f71de'


