" Generated by vim-plug
" Sun 05 Apr 2020 11:34:48 PM PDT
" :source this file in vim to restore the snapshot
" or execute: vim -S snapshot.vim

silent! let g:plugs['Jenkinsfile-vim-syntax'].commit = '164b457'
silent! let g:plugs['completor.vim'].commit = 'abed3d3'
silent! let g:plugs['ctrlp.vim'].commit = '585143a'
silent! let g:plugs['incsearch.vim'].commit = '25e2547'
silent! let g:plugs['material.vim'].commit = '5d4fc83'
silent! let g:plugs['nerdcommenter'].commit = 'c62e618'
silent! let g:plugs['nerdtree'].commit = '832bbaa'
silent! let g:plugs['nerdtree-git-plugin'].commit = 'f522a09'
silent! let g:plugs['undotree'].commit = 'be23eac'
silent! let g:plugs['vim-airline'].commit = '87d4648'
silent! let g:plugs['vim-auto-save'].commit = '1685175'
silent! let g:plugs['vim-crystal'].commit = '622e937'
silent! let g:plugs['vim-delve'].commit = '67f1760'
silent! let g:plugs['vim-eunuch'].commit = '33e875b'
silent! let g:plugs['vim-fugitive'].commit = '0e35c9b'
silent! let g:plugs['vim-github-url'].commit = '22639f3'
silent! let g:plugs['vim-go'].commit = 'c074280'
silent! let g:plugs['vim-signify'].commit = '56db16f'
silent! let g:plugs['vim-sneak'].commit = '98a5c94'
silent! let g:plugs['vim-test'].commit = '8300ee6'
silent! let g:plugs['vimux'].commit = '37f4119'
silent! let g:plugs['zig.vim'].commit = '55b6900'


