" Generated by vim-plug
" Mon 08 Jun 2020 09:12:26 AM PDT
" :source this file in vim to restore the snapshot
" or execute: vim -S snapshot.vim

silent! let g:plugs['Jenkinsfile-vim-syntax'].commit = 'a701341'
silent! let g:plugs['completor.vim'].commit = '55005aa'
silent! let g:plugs['ctrlp.vim'].commit = 'd93d978'
silent! let g:plugs['incsearch.vim'].commit = '25e2547'
silent! let g:plugs['material.vim'].commit = 'ec9c95a'
silent! let g:plugs['nerdcommenter'].commit = 'fade3d4'
silent! let g:plugs['nerdtree'].commit = 'd48ab70'
silent! let g:plugs['nerdtree-git-plugin'].commit = 'f522a09'
silent! let g:plugs['undotree'].commit = 'be23eac'
silent! let g:plugs['vim-airline'].commit = 'd221dc5'
silent! let g:plugs['vim-auto-save'].commit = '1685175'
silent! let g:plugs['vim-crystal'].commit = '89666b2'
silent! let g:plugs['vim-delve'].commit = '67f1760'
silent! let g:plugs['vim-eunuch'].commit = '33e875b'
silent! let g:plugs['vim-fugitive'].commit = '27a5c3a'
silent! let g:plugs['vim-github-url'].commit = '22639f3'
silent! let g:plugs['vim-go'].commit = 'e3bcc4c'
silent! let g:plugs['vim-signify'].commit = 'c3d450e'
silent! let g:plugs['vim-sneak'].commit = '98a5c94'
silent! let g:plugs['vim-test'].commit = '2f185e0'
silent! let g:plugs['vimux'].commit = '37f4119'
silent! let g:plugs['zig.vim'].commit = '912e9c7'


